
Microsoft Visual Studio Solution File, Format Version 12.00
# Visual Studio Version 17
VisualStudioVersion = 17.9.34622.214
MinimumVisualStudioVersion = 10.0.40219.1
Project("{FAE04EC0-301F-11D3-BF4B-00C04F79EFBC}") = "Buoi1", "CSharpCoBan\Buoi1.csproj", "{1E947566-E632-45D9-ADD5-223C2B0155DC}"
EndProject
Project("{FAE04EC0-301F-11D3-BF4B-00C04F79EFBC}") = "Buoi2", "Buoi2\Buoi2.csproj", "{46056197-5536-4801-989B-37D37948AFD3}"
EndProject
Project("{FAE04EC0-301F-11D3-BF4B-00C04F79EFBC}") = "Buoi3", "Buoi3\Buoi3.csproj", "{D661E6DE-6A96-4E8E-8220-F6B7A3A4B5B5}"
EndProject
Project("{FAE04EC0-301F-11D3-BF4B-00C04F79EFBC}") = "Buoi4_Struct", "Buoi4_Struct\Buoi4_Struct.csproj", "{C64CA6E6-C1AD-4CD3-9471-4C7B42481192}"
EndProject
Global
	GlobalSection(SolutionConfigurationPlatforms) = preSolution
		Debug|Any CPU = Debug|Any CPU
		Release|Any CPU = Release|Any CPU
	EndGlobalSection
	GlobalSection(ProjectConfigurationPlatforms) = postSolution
		{1E947566-E632-45D9-ADD5-223C2B0155DC}.Debug|Any CPU.ActiveCfg = Debug|Any CPU
		{1E947566-E632-45D9-ADD5-223C2B0155DC}.Debug|Any CPU.Build.0 = Debug|Any CPU
		{1E947566-E632-45D9-ADD5-223C2B0155DC}.Release|Any CPU.ActiveCfg = Release|Any CPU
		{1E947566-E632-45D9-ADD5-223C2B0155DC}.Release|Any CPU.Build.0 = Release|Any CPU
		{46056197-5536-4801-989B-37D37948AFD3}.Debug|Any CPU.ActiveCfg = Debug|Any CPU
		{46056197-5536-4801-989B-37D37948AFD3}.Debug|Any CPU.Build.0 = Debug|Any CPU
		{46056197-5536-4801-989B-37D37948AFD3}.Release|Any CPU.ActiveCfg = Release|Any CPU
		{46056197-5536-4801-989B-37D37948AFD3}.Release|Any CPU.Build.0 = Release|Any CPU
		{D661E6DE-6A96-4E8E-8220-F6B7A3A4B5B5}.Debug|Any CPU.ActiveCfg = Debug|Any CPU
		{D661E6DE-6A96-4E8E-8220-F6B7A3A4B5B5}.Debug|Any CPU.Build.0 = Debug|Any CPU
		{D661E6DE-6A96-4E8E-8220-F6B7A3A4B5B5}.Release|Any CPU.ActiveCfg = Release|Any CPU
		{D661E6DE-6A96-4E8E-8220-F6B7A3A4B5B5}.Release|Any CPU.Build.0 = Release|Any CPU
		{C64CA6E6-C1AD-4CD3-9471-4C7B42481192}.Debug|Any CPU.ActiveCfg = Debug|Any CPU
		{C64CA6E6-C1AD-4CD3-9471-4C7B42481192}.Debug|Any CPU.Build.0 = Debug|Any CPU
		{C64CA6E6-C1AD-4CD3-9471-4C7B42481192}.Release|Any CPU.ActiveCfg = Release|Any CPU
		{C64CA6E6-C1AD-4CD3-9471-4C7B42481192}.Release|Any CPU.Build.0 = Release|Any CPU
	EndGlobalSection
	GlobalSection(SolutionProperties) = preSolution
		HideSolutionNode = FALSE
	EndGlobalSection
	GlobalSection(ExtensibilityGlobals) = postSolution
		SolutionGuid = {553B176E-49B6-46DD-9248-1B5663E79887}
	EndGlobalSection
EndGlobal
